// !$*UTF8*$!
{
	archiveVersion = 1;
	classes = {
	};
	objectVersion = 50;
	objects = {

/* Begin PBXBuildFile section */
		20773527832D3F21A42C0CEB /* Nimble.framework in Accio */ = {isa = PBXBuildFile; fileRef = 086D8CBB2D205654EFFDE031 /* Nimble.framework */; settings = {ATTRIBUTES = (CodeSignOnCopy, ); }; };
		3663409ACADA13D5C46463BD /* CwlCatchException.framework in Accio */ = {isa = PBXBuildFile; fileRef = 7F709730E014A0C7E2F4682A /* CwlCatchException.framework */; settings = {ATTRIBUTES = (CodeSignOnCopy, ); }; };
		47E5B2671C1428239C303964 /* CwlPreconditionTesting.framework in Frameworks */ = {isa = PBXBuildFile; fileRef = C37528C6C61D79F2F26A142F /* CwlPreconditionTesting.framework */; };
		5CCE70EED886355715869446 /* Quick.framework in Frameworks */ = {isa = PBXBuildFile; fileRef = 4A6E2CDCDE9F172D9C12C47E /* Quick.framework */; };
		7E0D518E56783CDF1F86D72A /* CwlPreconditionTesting.framework in Accio */ = {isa = PBXBuildFile; fileRef = C37528C6C61D79F2F26A142F /* CwlPreconditionTesting.framework */; settings = {ATTRIBUTES = (CodeSignOnCopy, ); }; };
		9AE186769F8CC91E6D11EBA8 /* Quick.framework in Accio */ = {isa = PBXBuildFile; fileRef = 4A6E2CDCDE9F172D9C12C47E /* Quick.framework */; settings = {ATTRIBUTES = (CodeSignOnCopy, ); }; };
		9C7F185CF12747550BFC061A /* CwlCatchException.framework in Frameworks */ = {isa = PBXBuildFile; fileRef = 7F709730E014A0C7E2F4682A /* CwlCatchException.framework */; };
		A86E10342365DAB800D3FF94 /* AppDelegate.swift in Sources */ = {isa = PBXBuildFile; fileRef = A86E10332365DAB800D3FF94 /* AppDelegate.swift */; };
		A86E10362365DAB800D3FF94 /* ContentView.swift in Sources */ = {isa = PBXBuildFile; fileRef = A86E10352365DAB800D3FF94 /* ContentView.swift */; };
		A86E10382365DAB800D3FF94 /* Assets.xcassets in Resources */ = {isa = PBXBuildFile; fileRef = A86E10372365DAB800D3FF94 /* Assets.xcassets */; };
		A86E103B2365DAB800D3FF94 /* Preview Assets.xcassets in Resources */ = {isa = PBXBuildFile; fileRef = A86E103A2365DAB800D3FF94 /* Preview Assets.xcassets */; };
		A86E103E2365DAB900D3FF94 /* Main.storyboard in Resources */ = {isa = PBXBuildFile; fileRef = A86E103C2365DAB900D3FF94 /* Main.storyboard */; };
		A86E104A2365DAB900D3FF94 /* Mac_AppTests.swift in Sources */ = {isa = PBXBuildFile; fileRef = A86E10492365DAB900D3FF94 /* Mac_AppTests.swift */; };
		B0820D32267C42E7304E43E9 /* ReSwift.framework in Frameworks */ = {isa = PBXBuildFile; fileRef = B4EAC67DB787821A5A10484D /* ReSwift.framework */; };
		E5CB3D21624CAFABAB12A3EA /* Nimble.framework in Frameworks */ = {isa = PBXBuildFile; fileRef = 086D8CBB2D205654EFFDE031 /* Nimble.framework */; };
/* End PBXBuildFile section */

/* Begin PBXContainerItemProxy section */
		A86E10462365DAB900D3FF94 /* PBXContainerItemProxy */ = {
			isa = PBXContainerItemProxy;
			containerPortal = A86E10282365DAB800D3FF94 /* Project object */;
			proxyType = 1;
			remoteGlobalIDString = A86E102F2365DAB800D3FF94;
			remoteInfo = "Mac-App";
		};
/* End PBXContainerItemProxy section */

/* Begin PBXCopyFilesBuildPhase section */
		BD6D6118569C63DA841A8A41 /* Accio */ = {
			isa = PBXCopyFilesBuildPhase;
			buildActionMask = 2147483647;
			dstSubfolderSpec = 10;
			files = (
				3663409ACADA13D5C46463BD /* CwlCatchException.framework in Accio */,
				7E0D518E56783CDF1F86D72A /* CwlPreconditionTesting.framework in Accio */,
				20773527832D3F21A42C0CEB /* Nimble.framework in Accio */,
				9AE186769F8CC91E6D11EBA8 /* Quick.framework in Accio */,
			);
			name = Accio;
			runOnlyForDeploymentPostprocessing = 0;
		};
/* End PBXCopyFilesBuildPhase section */

/* Begin PBXFileReference section */
		086D8CBB2D205654EFFDE031 /* Nimble.framework */ = {isa = PBXFileReference; explicitFileType = wrapper.framework; name = Nimble.framework; path = Dependencies/macOS/Nimble.framework; sourceTree = "<group>"; };
		4A6E2CDCDE9F172D9C12C47E /* Quick.framework */ = {isa = PBXFileReference; explicitFileType = wrapper.framework; name = Quick.framework; path = Dependencies/macOS/Quick.framework; sourceTree = "<group>"; };
		7F709730E014A0C7E2F4682A /* CwlCatchException.framework */ = {isa = PBXFileReference; explicitFileType = wrapper.framework; name = CwlCatchException.framework; path = Dependencies/macOS/CwlCatchException.framework; sourceTree = "<group>"; };
		A86E10302365DAB800D3FF94 /* Mac-App.app */ = {isa = PBXFileReference; explicitFileType = wrapper.application; includeInIndex = 0; path = "Mac-App.app"; sourceTree = BUILT_PRODUCTS_DIR; };
		A86E10332365DAB800D3FF94 /* AppDelegate.swift */ = {isa = PBXFileReference; lastKnownFileType = sourcecode.swift; path = AppDelegate.swift; sourceTree = "<group>"; };
		A86E10352365DAB800D3FF94 /* ContentView.swift */ = {isa = PBXFileReference; lastKnownFileType = sourcecode.swift; path = ContentView.swift; sourceTree = "<group>"; };
		A86E10372365DAB800D3FF94 /* Assets.xcassets */ = {isa = PBXFileReference; lastKnownFileType = folder.assetcatalog; path = Assets.xcassets; sourceTree = "<group>"; };
		A86E103A2365DAB800D3FF94 /* Preview Assets.xcassets */ = {isa = PBXFileReference; lastKnownFileType = folder.assetcatalog; path = "Preview Assets.xcassets"; sourceTree = "<group>"; };
		A86E103D2365DAB900D3FF94 /* Base */ = {isa = PBXFileReference; lastKnownFileType = file.storyboard; name = Base; path = Base.lproj/Main.storyboard; sourceTree = "<group>"; };
		A86E103F2365DAB900D3FF94 /* Info.plist */ = {isa = PBXFileReference; lastKnownFileType = text.plist.xml; path = Info.plist; sourceTree = "<group>"; };
		A86E10402365DAB900D3FF94 /* Mac_App.entitlements */ = {isa = PBXFileReference; lastKnownFileType = text.plist.entitlements; path = Mac_App.entitlements; sourceTree = "<group>"; };
		A86E10452365DAB900D3FF94 /* Mac-AppTests.xctest */ = {isa = PBXFileReference; explicitFileType = wrapper.cfbundle; includeInIndex = 0; path = "Mac-AppTests.xctest"; sourceTree = BUILT_PRODUCTS_DIR; };
		A86E10492365DAB900D3FF94 /* Mac_AppTests.swift */ = {isa = PBXFileReference; lastKnownFileType = sourcecode.swift; path = Mac_AppTests.swift; sourceTree = "<group>"; };
		A86E104B2365DAB900D3FF94 /* Info.plist */ = {isa = PBXFileReference; lastKnownFileType = text.plist.xml; path = Info.plist; sourceTree = "<group>"; };
		B4EAC67DB787821A5A10484D /* ReSwift.framework */ = {isa = PBXFileReference; explicitFileType = wrapper.framework; name = ReSwift.framework; path = Dependencies/macOS/ReSwift.framework; sourceTree = "<group>"; };
		C37528C6C61D79F2F26A142F /* CwlPreconditionTesting.framework */ = {isa = PBXFileReference; explicitFileType = wrapper.framework; name = CwlPreconditionTesting.framework; path = Dependencies/macOS/CwlPreconditionTesting.framework; sourceTree = "<group>"; };
/* End PBXFileReference section */

/* Begin PBXFrameworksBuildPhase section */
		A86E102D2365DAB800D3FF94 /* Frameworks */ = {
			isa = PBXFrameworksBuildPhase;
			buildActionMask = 2147483647;
			files = (
				B0820D32267C42E7304E43E9 /* ReSwift.framework in Frameworks */,
			);
			runOnlyForDeploymentPostprocessing = 0;
		};
		A86E10422365DAB900D3FF94 /* Frameworks */ = {
			isa = PBXFrameworksBuildPhase;
			buildActionMask = 2147483647;
			files = (
				5CCE70EED886355715869446 /* Quick.framework in Frameworks */,
				9C7F185CF12747550BFC061A /* CwlCatchException.framework in Frameworks */,
				47E5B2671C1428239C303964 /* CwlPreconditionTesting.framework in Frameworks */,
				E5CB3D21624CAFABAB12A3EA /* Nimble.framework in Frameworks */,
			);
			runOnlyForDeploymentPostprocessing = 0;
		};
/* End PBXFrameworksBuildPhase section */

/* Begin PBXGroup section */
		7272CE1B281E23D3503A55CA /* Mac-App */ = {
			isa = PBXGroup;
			children = (
				B4EAC67DB787821A5A10484D /* ReSwift.framework */,
			);
			name = "Mac-App";
			sourceTree = "<group>";
		};
		900E127CB1AEEF1BFED39139 /* Mac-AppTests */ = {
			isa = PBXGroup;
			children = (
				7F709730E014A0C7E2F4682A /* CwlCatchException.framework */,
				C37528C6C61D79F2F26A142F /* CwlPreconditionTesting.framework */,
				086D8CBB2D205654EFFDE031 /* Nimble.framework */,
				4A6E2CDCDE9F172D9C12C47E /* Quick.framework */,
			);
			name = "Mac-AppTests";
			sourceTree = "<group>";
		};
		A32733B20D2195C9C08233D9 /* Dependencies */ = {
			isa = PBXGroup;
			children = (
				7272CE1B281E23D3503A55CA /* Mac-App */,
				900E127CB1AEEF1BFED39139 /* Mac-AppTests */,
			);
			name = Dependencies;
			sourceTree = "<group>";
		};
		A80EF04E236611FF00CD7500 /* Frameworks */ = {
			isa = PBXGroup;
			children = (
			);
			name = Frameworks;
			sourceTree = "<group>";
		};
		A86E10272365DAB800D3FF94 = {
			isa = PBXGroup;
			children = (
				A86E10322365DAB800D3FF94 /* Mac-App */,
				A86E10482365DAB900D3FF94 /* Mac-AppTests */,
				A86E10312365DAB800D3FF94 /* Products */,
				A32733B20D2195C9C08233D9 /* Dependencies */,
				A80EF04E236611FF00CD7500 /* Frameworks */,
			);
			sourceTree = "<group>";
		};
		A86E10312365DAB800D3FF94 /* Products */ = {
			isa = PBXGroup;
			children = (
				A86E10302365DAB800D3FF94 /* Mac-App.app */,
				A86E10452365DAB900D3FF94 /* Mac-AppTests.xctest */,
			);
			name = Products;
			sourceTree = "<group>";
		};
		A86E10322365DAB800D3FF94 /* Mac-App */ = {
			isa = PBXGroup;
			children = (
				A86E10332365DAB800D3FF94 /* AppDelegate.swift */,
				A86E10352365DAB800D3FF94 /* ContentView.swift */,
				A86E10372365DAB800D3FF94 /* Assets.xcassets */,
				A86E103C2365DAB900D3FF94 /* Main.storyboard */,
				A86E103F2365DAB900D3FF94 /* Info.plist */,
				A86E10402365DAB900D3FF94 /* Mac_App.entitlements */,
				A86E10392365DAB800D3FF94 /* Preview Content */,
			);
			path = "Mac-App";
			sourceTree = "<group>";
		};
		A86E10392365DAB800D3FF94 /* Preview Content */ = {
			isa = PBXGroup;
			children = (
				A86E103A2365DAB800D3FF94 /* Preview Assets.xcassets */,
			);
			path = "Preview Content";
			sourceTree = "<group>";
		};
		A86E10482365DAB900D3FF94 /* Mac-AppTests */ = {
			isa = PBXGroup;
			children = (
				A86E10492365DAB900D3FF94 /* Mac_AppTests.swift */,
				A86E104B2365DAB900D3FF94 /* Info.plist */,
			);
			path = "Mac-AppTests";
			sourceTree = "<group>";
		};
/* End PBXGroup section */

/* Begin PBXNativeTarget section */
		A86E102F2365DAB800D3FF94 /* Mac-App */ = {
			isa = PBXNativeTarget;
			buildConfigurationList = A86E104E2365DAB900D3FF94 /* Build configuration list for PBXNativeTarget "Mac-App" */;
			buildPhases = (
				A86E102C2365DAB800D3FF94 /* Sources */,
				A86E102D2365DAB800D3FF94 /* Frameworks */,
				A86E102E2365DAB800D3FF94 /* Resources */,
				4C0F50C25C76EA19CC319483 /* Accio */,
			);
			buildRules = (
			);
			dependencies = (
			);
			name = "Mac-App";
			productName = "Mac-App";
			productReference = A86E10302365DAB800D3FF94 /* Mac-App.app */;
			productType = "com.apple.product-type.application";
		};
		A86E10442365DAB900D3FF94 /* Mac-AppTests */ = {
			isa = PBXNativeTarget;
			buildConfigurationList = A86E10512365DAB900D3FF94 /* Build configuration list for PBXNativeTarget "Mac-AppTests" */;
			buildPhases = (
				A86E10412365DAB900D3FF94 /* Sources */,
				A86E10422365DAB900D3FF94 /* Frameworks */,
				A86E10432365DAB900D3FF94 /* Resources */,
				BD6D6118569C63DA841A8A41 /* Accio */,
			);
			buildRules = (
			);
			dependencies = (
				A86E10472365DAB900D3FF94 /* PBXTargetDependency */,
			);
			name = "Mac-AppTests";
			productName = "Mac-AppTests";
			productReference = A86E10452365DAB900D3FF94 /* Mac-AppTests.xctest */;
			productType = "com.apple.product-type.bundle.unit-test";
		};
/* End PBXNativeTarget section */

/* Begin PBXProject section */
		A86E10282365DAB800D3FF94 /* Project object */ = {
			isa = PBXProject;
			attributes = {
				LastSwiftUpdateCheck = 1100;
				LastUpgradeCheck = 1100;
				ORGANIZATIONNAME = "Acphut Werkstatt";
				TargetAttributes = {
					A86E102F2365DAB800D3FF94 = {
						CreatedOnToolsVersion = 11.0;
					};
					A86E10442365DAB900D3FF94 = {
						CreatedOnToolsVersion = 11.0;
						TestTargetID = A86E102F2365DAB800D3FF94;
					};
				};
			};
			buildConfigurationList = A86E102B2365DAB800D3FF94 /* Build configuration list for PBXProject "Mac-App" */;
			compatibilityVersion = "Xcode 9.3";
			developmentRegion = en;
			hasScannedForEncodings = 0;
			knownRegions = (
				en,
				Base,
			);
			mainGroup = A86E10272365DAB800D3FF94;
			productRefGroup = A86E10312365DAB800D3FF94 /* Products */;
			projectDirPath = "";
			projectRoot = "";
			targets = (
				A86E102F2365DAB800D3FF94 /* Mac-App */,
				A86E10442365DAB900D3FF94 /* Mac-AppTests */,
			);
		};
/* End PBXProject section */

/* Begin PBXResourcesBuildPhase section */
		A86E102E2365DAB800D3FF94 /* Resources */ = {
			isa = PBXResourcesBuildPhase;
			buildActionMask = 2147483647;
			files = (
				A86E103E2365DAB900D3FF94 /* Main.storyboard in Resources */,
				A86E103B2365DAB800D3FF94 /* Preview Assets.xcassets in Resources */,
				A86E10382365DAB800D3FF94 /* Assets.xcassets in Resources */,
			);
			runOnlyForDeploymentPostprocessing = 0;
		};
		A86E10432365DAB900D3FF94 /* Resources */ = {
			isa = PBXResourcesBuildPhase;
			buildActionMask = 2147483647;
			files = (
			);
			runOnlyForDeploymentPostprocessing = 0;
		};
/* End PBXResourcesBuildPhase section */

/* Begin PBXShellScriptBuildPhase section */
		4C0F50C25C76EA19CC319483 /* Accio */ = {
			isa = PBXShellScriptBuildPhase;
			buildActionMask = 2147483647;
			files = (
			);
			inputPaths = (
				"$(SRCROOT)/Dependencies/macOS/ReSwift.framework",
			);
			name = Accio;
			outputPaths = (
				"$(BUILT_PRODUCTS_DIR)/$(FRAMEWORKS_FOLDER_PATH)/ReSwift.framework",
			);
			runOnlyForDeploymentPostprocessing = 0;
			shellPath = /bin/sh;
			shellScript = "pushd ../\n./scripts/copy_app_frameworks.sh\npopd\n";
		};
/* End PBXShellScriptBuildPhase section */

/* Begin PBXSourcesBuildPhase section */
		A86E102C2365DAB800D3FF94 /* Sources */ = {
			isa = PBXSourcesBuildPhase;
			buildActionMask = 2147483647;
			files = (
				A86E10362365DAB800D3FF94 /* ContentView.swift in Sources */,
				A86E10342365DAB800D3FF94 /* AppDelegate.swift in Sources */,
			);
			runOnlyForDeploymentPostprocessing = 0;
		};
		A86E10412365DAB900D3FF94 /* Sources */ = {
			isa = PBXSourcesBuildPhase;
			buildActionMask = 2147483647;
			files = (
				A86E104A2365DAB900D3FF94 /* Mac_AppTests.swift in Sources */,
			);
			runOnlyForDeploymentPostprocessing = 0;
		};
/* End PBXSourcesBuildPhase section */

/* Begin PBXTargetDependency section */
		A86E10472365DAB900D3FF94 /* PBXTargetDependency */ = {
			isa = PBXTargetDependency;
			target = A86E102F2365DAB800D3FF94 /* Mac-App */;
			targetProxy = A86E10462365DAB900D3FF94 /* PBXContainerItemProxy */;
		};
/* End PBXTargetDependency section */

/* Begin PBXVariantGroup section */
		A86E103C2365DAB900D3FF94 /* Main.storyboard */ = {
			isa = PBXVariantGroup;
			children = (
				A86E103D2365DAB900D3FF94 /* Base */,
			);
			name = Main.storyboard;
			sourceTree = "<group>";
		};
/* End PBXVariantGroup section */

/* Begin XCBuildConfiguration section */
		A86E104C2365DAB900D3FF94 /* Debug */ = {
			isa = XCBuildConfiguration;
			buildSettings = {
				ALWAYS_SEARCH_USER_PATHS = NO;
				CLANG_ANALYZER_NONNULL = YES;
				CLANG_ANALYZER_NUMBER_OBJECT_CONVERSION = YES_AGGRESSIVE;
				CLANG_CXX_LANGUAGE_STANDARD = "gnu++14";
				CLANG_CXX_LIBRARY = "libc++";
				CLANG_ENABLE_MODULES = YES;
				CLANG_ENABLE_OBJC_ARC = YES;
				CLANG_ENABLE_OBJC_WEAK = YES;
				CLANG_WARN_BLOCK_CAPTURE_AUTORELEASING = YES;
				CLANG_WARN_BOOL_CONVERSION = YES;
				CLANG_WARN_COMMA = YES;
				CLANG_WARN_CONSTANT_CONVERSION = YES;
				CLANG_WARN_DEPRECATED_OBJC_IMPLEMENTATIONS = YES;
				CLANG_WARN_DIRECT_OBJC_ISA_USAGE = YES_ERROR;
				CLANG_WARN_DOCUMENTATION_COMMENTS = YES;
				CLANG_WARN_EMPTY_BODY = YES;
				CLANG_WARN_ENUM_CONVERSION = YES;
				CLANG_WARN_INFINITE_RECURSION = YES;
				CLANG_WARN_INT_CONVERSION = YES;
				CLANG_WARN_NON_LITERAL_NULL_CONVERSION = YES;
				CLANG_WARN_OBJC_IMPLICIT_RETAIN_SELF = YES;
				CLANG_WARN_OBJC_LITERAL_CONVERSION = YES;
				CLANG_WARN_OBJC_ROOT_CLASS = YES_ERROR;
				CLANG_WARN_RANGE_LOOP_ANALYSIS = YES;
				CLANG_WARN_STRICT_PROTOTYPES = YES;
				CLANG_WARN_SUSPICIOUS_MOVE = YES;
				CLANG_WARN_UNGUARDED_AVAILABILITY = YES_AGGRESSIVE;
				CLANG_WARN_UNREACHABLE_CODE = YES;
				CLANG_WARN__DUPLICATE_METHOD_MATCH = YES;
				COPY_PHASE_STRIP = NO;
				DEBUG_INFORMATION_FORMAT = dwarf;
				ENABLE_STRICT_OBJC_MSGSEND = YES;
				ENABLE_TESTABILITY = YES;
				GCC_C_LANGUAGE_STANDARD = gnu11;
				GCC_DYNAMIC_NO_PIC = NO;
				GCC_NO_COMMON_BLOCKS = YES;
				GCC_OPTIMIZATION_LEVEL = 0;
				GCC_PREPROCESSOR_DEFINITIONS = (
					"DEBUG=1",
					"$(inherited)",
				);
				GCC_WARN_64_TO_32_BIT_CONVERSION = YES;
				GCC_WARN_ABOUT_RETURN_TYPE = YES_ERROR;
				GCC_WARN_UNDECLARED_SELECTOR = YES;
				GCC_WARN_UNINITIALIZED_AUTOS = YES_AGGRESSIVE;
				GCC_WARN_UNUSED_FUNCTION = YES;
				GCC_WARN_UNUSED_VARIABLE = YES;
				MACOSX_DEPLOYMENT_TARGET = 10.14;
				MTL_ENABLE_DEBUG_INFO = INCLUDE_SOURCE;
				MTL_FAST_MATH = YES;
				ONLY_ACTIVE_ARCH = YES;
				SDKROOT = macosx;
				SWIFT_ACTIVE_COMPILATION_CONDITIONS = DEBUG;
				SWIFT_OPTIMIZATION_LEVEL = "-Onone";
			};
			name = Debug;
		};
		A86E104D2365DAB900D3FF94 /* Release */ = {
			isa = XCBuildConfiguration;
			buildSettings = {
				ALWAYS_SEARCH_USER_PATHS = NO;
				CLANG_ANALYZER_NONNULL = YES;
				CLANG_ANALYZER_NUMBER_OBJECT_CONVERSION = YES_AGGRESSIVE;
				CLANG_CXX_LANGUAGE_STANDARD = "gnu++14";
				CLANG_CXX_LIBRARY = "libc++";
				CLANG_ENABLE_MODULES = YES;
				CLANG_ENABLE_OBJC_ARC = YES;
				CLANG_ENABLE_OBJC_WEAK = YES;
				CLANG_WARN_BLOCK_CAPTURE_AUTORELEASING = YES;
				CLANG_WARN_BOOL_CONVERSION = YES;
				CLANG_WARN_COMMA = YES;
				CLANG_WARN_CONSTANT_CONVERSION = YES;
				CLANG_WARN_DEPRECATED_OBJC_IMPLEMENTATIONS = YES;
				CLANG_WARN_DIRECT_OBJC_ISA_USAGE = YES_ERROR;
				CLANG_WARN_DOCUMENTATION_COMMENTS = YES;
				CLANG_WARN_EMPTY_BODY = YES;
				CLANG_WARN_ENUM_CONVERSION = YES;
				CLANG_WARN_INFINITE_RECURSION = YES;
				CLANG_WARN_INT_CONVERSION = YES;
				CLANG_WARN_NON_LITERAL_NULL_CONVERSION = YES;
				CLANG_WARN_OBJC_IMPLICIT_RETAIN_SELF = YES;
				CLANG_WARN_OBJC_LITERAL_CONVERSION = YES;
				CLANG_WARN_OBJC_ROOT_CLASS = YES_ERROR;
				CLANG_WARN_RANGE_LOOP_ANALYSIS = YES;
				CLANG_WARN_STRICT_PROTOTYPES = YES;
				CLANG_WARN_SUSPICIOUS_MOVE = YES;
				CLANG_WARN_UNGUARDED_AVAILABILITY = YES_AGGRESSIVE;
				CLANG_WARN_UNREACHABLE_CODE = YES;
				CLANG_WARN__DUPLICATE_METHOD_MATCH = YES;
				COPY_PHASE_STRIP = NO;
				DEBUG_INFORMATION_FORMAT = "dwarf-with-dsym";
				ENABLE_NS_ASSERTIONS = NO;
				ENABLE_STRICT_OBJC_MSGSEND = YES;
				GCC_C_LANGUAGE_STANDARD = gnu11;
				GCC_NO_COMMON_BLOCKS = YES;
				GCC_WARN_64_TO_32_BIT_CONVERSION = YES;
				GCC_WARN_ABOUT_RETURN_TYPE = YES_ERROR;
				GCC_WARN_UNDECLARED_SELECTOR = YES;
				GCC_WARN_UNINITIALIZED_AUTOS = YES_AGGRESSIVE;
				GCC_WARN_UNUSED_FUNCTION = YES;
				GCC_WARN_UNUSED_VARIABLE = YES;
				MACOSX_DEPLOYMENT_TARGET = 10.14;
				MTL_ENABLE_DEBUG_INFO = NO;
				MTL_FAST_MATH = YES;
				SDKROOT = macosx;
				SWIFT_COMPILATION_MODE = wholemodule;
				SWIFT_OPTIMIZATION_LEVEL = "-O";
			};
			name = Release;
		};
		A86E104F2365DAB900D3FF94 /* Debug */ = {
			isa = XCBuildConfiguration;
			buildSettings = {
				ASSETCATALOG_COMPILER_APPICON_NAME = AppIcon;
				CODE_SIGN_ENTITLEMENTS = "Mac-App/Mac_App.entitlements";
				CODE_SIGN_STYLE = Automatic;
				COMBINE_HIDPI_IMAGES = YES;
				DEVELOPMENT_ASSET_PATHS = "\"Mac-App/Preview Content\"";
				ENABLE_PREVIEWS = YES;
				FRAMEWORK_SEARCH_PATHS = (
					"$(inherited)",
					"$(PROJECT_DIR)/Dependencies/macOS",
				);
				INFOPLIST_FILE = "Mac-App/Info.plist";
				LD_RUNPATH_SEARCH_PATHS = (
					"$(inherited)",
					"@executable_path/../Frameworks",
				);
				MACOSX_DEPLOYMENT_TARGET = 10.15;
				PRODUCT_BUNDLE_IDENTIFIER = "Acphut.Werkstatt.Mac-App";
				PRODUCT_NAME = "$(TARGET_NAME)";
				SWIFT_VERSION = 5.0;
			};
			name = Debug;
		};
		A86E10502365DAB900D3FF94 /* Release */ = {
			isa = XCBuildConfiguration;
			buildSettings = {
				ASSETCATALOG_COMPILER_APPICON_NAME = AppIcon;
				CODE_SIGN_ENTITLEMENTS = "Mac-App/Mac_App.entitlements";
				CODE_SIGN_STYLE = Automatic;
				COMBINE_HIDPI_IMAGES = YES;
				DEVELOPMENT_ASSET_PATHS = "\"Mac-App/Preview Content\"";
				ENABLE_PREVIEWS = YES;
				FRAMEWORK_SEARCH_PATHS = (
					"$(inherited)",
					"$(PROJECT_DIR)/Dependencies/macOS",
				);
				INFOPLIST_FILE = "Mac-App/Info.plist";
				LD_RUNPATH_SEARCH_PATHS = (
					"$(inherited)",
					"@executable_path/../Frameworks",
				);
				MACOSX_DEPLOYMENT_TARGET = 10.15;
				PRODUCT_BUNDLE_IDENTIFIER = "Acphut.Werkstatt.Mac-App";
				PRODUCT_NAME = "$(TARGET_NAME)";
				SWIFT_VERSION = 5.0;
			};
			name = Release;
		};
		A86E10522365DAB900D3FF94 /* Debug */ = {
			isa = XCBuildConfiguration;
			buildSettings = {
				ALWAYS_EMBED_SWIFT_STANDARD_LIBRARIES = YES;
				BUNDLE_LOADER = "$(TEST_HOST)";
				CODE_SIGN_STYLE = Automatic;
				COMBINE_HIDPI_IMAGES = YES;
				FRAMEWORK_SEARCH_PATHS = (
					"$(inherited)",
					"$(PROJECT_DIR)/Dependencies/macOS",
				);
				INFOPLIST_FILE = "Mac-AppTests/Info.plist";
				LD_RUNPATH_SEARCH_PATHS = (
					"$(inherited)",
					"@executable_path/../Frameworks",
					"@loader_path/../Frameworks",
				);
				MACOSX_DEPLOYMENT_TARGET = 10.15;
				PRODUCT_BUNDLE_IDENTIFIER = "Acphut.Werkstatt.Mac-AppTests";
				PRODUCT_NAME = "$(TARGET_NAME)";
				SWIFT_VERSION = 5.0;
				TEST_HOST = "$(BUILT_PRODUCTS_DIR)/Mac-App.app/Contents/MacOS/Mac-App";
			};
			name = Debug;
		};
		A86E10532365DAB900D3FF94 /* Release */ = {
			isa = XCBuildConfiguration;
			buildSettings = {
				ALWAYS_EMBED_SWIFT_STANDARD_LIBRARIES = YES;
				BUNDLE_LOADER = "$(TEST_HOST)";
				CODE_SIGN_STYLE = Automatic;
				COMBINE_HIDPI_IMAGES = YES;
				FRAMEWORK_SEARCH_PATHS = (
					"$(inherited)",
					"$(PROJECT_DIR)/Dependencies/macOS",
				);
				INFOPLIST_FILE = "Mac-AppTests/Info.plist";
				LD_RUNPATH_SEARCH_PATHS = (
					"$(inherited)",
					"@executable_path/../Frameworks",
					"@loader_path/../Frameworks",
				);
				MACOSX_DEPLOYMENT_TARGET = 10.15;
				PRODUCT_BUNDLE_IDENTIFIER = "Acphut.Werkstatt.Mac-AppTests";
				PRODUCT_NAME = "$(TARGET_NAME)";
				SWIFT_VERSION = 5.0;
				TEST_HOST = "$(BUILT_PRODUCTS_DIR)/Mac-App.app/Contents/MacOS/Mac-App";
			};
			name = Release;
		};
/* End XCBuildConfiguration section */

/* Begin XCConfigurationList section */
		A86E102B2365DAB800D3FF94 /* Build configuration list for PBXProject "Mac-App" */ = {
			isa = XCConfigurationList;
			buildConfigurations = (
				A86E104C2365DAB900D3FF94 /* Debug */,
				A86E104D2365DAB900D3FF94 /* Release */,
			);
			defaultConfigurationIsVisible = 0;
			defaultConfigurationName = Release;
		};
		A86E104E2365DAB900D3FF94 /* Build configuration list for PBXNativeTarget "Mac-App" */ = {
			isa = XCConfigurationList;
			buildConfigurations = (
				A86E104F2365DAB900D3FF94 /* Debug */,
				A86E10502365DAB900D3FF94 /* Release */,
			);
			defaultConfigurationIsVisible = 0;
			defaultConfigurationName = Release;
		};
		A86E10512365DAB900D3FF94 /* Build configuration list for PBXNativeTarget "Mac-AppTests" */ = {
			isa = XCConfigurationList;
			buildConfigurations = (
				A86E10522365DAB900D3FF94 /* Debug */,
				A86E10532365DAB900D3FF94 /* Release */,
			);
			defaultConfigurationIsVisible = 0;
			defaultConfigurationName = Release;
		};
/* End XCConfigurationList section */
	};
	rootObject = A86E10282365DAB800D3FF94 /* Project object */;
}
