// !$*UTF8*$!
{
	archiveVersion = 1;
	classes = {
	};
	objectVersion = 50;
	objects = {

/* Begin PBXBuildFile section */
		65358E46249CB4310004510F /* Project-Debug.xcconfig in Resources */ = {isa = PBXBuildFile; fileRef = 65358E43249CB4310004510F /* Project-Debug.xcconfig */; };
		65358E47249CB4310004510F /* Project-Release.xcconfig in Resources */ = {isa = PBXBuildFile; fileRef = 65358E44249CB4310004510F /* Project-Release.xcconfig */; };
		65358E48249CB4310004510F /* Project-Shared.xcconfig in Resources */ = {isa = PBXBuildFile; fileRef = 65358E45249CB4310004510F /* Project-Shared.xcconfig */; };
		65358E4C249CB43B0004510F /* Mac-App-Shared.xcconfig in Resources */ = {isa = PBXBuildFile; fileRef = 65358E49249CB43B0004510F /* Mac-App-Shared.xcconfig */; };
		65358E4D249CB43B0004510F /* Mac-App-Debug.xcconfig in Resources */ = {isa = PBXBuildFile; fileRef = 65358E4A249CB43B0004510F /* Mac-App-Debug.xcconfig */; };
		65358E4E249CB43B0004510F /* Mac-App-Release.xcconfig in Resources */ = {isa = PBXBuildFile; fileRef = 65358E4B249CB43B0004510F /* Mac-App-Release.xcconfig */; };
		65358E52249CB4440004510F /* Mac-AppTests-Release.xcconfig in Resources */ = {isa = PBXBuildFile; fileRef = 65358E4F249CB4440004510F /* Mac-AppTests-Release.xcconfig */; };
		65358E53249CB4440004510F /* Mac-AppTests-Debug.xcconfig in Resources */ = {isa = PBXBuildFile; fileRef = 65358E50249CB4440004510F /* Mac-AppTests-Debug.xcconfig */; };
		65358E54249CB4440004510F /* Mac-AppTests-Shared.xcconfig in Resources */ = {isa = PBXBuildFile; fileRef = 65358E51249CB4440004510F /* Mac-AppTests-Shared.xcconfig */; };
		A8199C5823E70C97000B89F6 /* Backend.framework in Frameworks */ = {isa = PBXBuildFile; fileRef = A8199C5723E70C97000B89F6 /* Backend.framework */; };
		A8472C9E2402C6190032E702 /* ListViewTransformer.swift in Sources */ = {isa = PBXBuildFile; fileRef = A8472C9D2402C6190032E702 /* ListViewTransformer.swift */; };
		A86E10342365DAB800D3FF94 /* AppDelegate.swift in Sources */ = {isa = PBXBuildFile; fileRef = A86E10332365DAB800D3FF94 /* AppDelegate.swift */; };
		A86E10382365DAB800D3FF94 /* Assets.xcassets in Resources */ = {isa = PBXBuildFile; fileRef = A86E10372365DAB800D3FF94 /* Assets.xcassets */; };
		A86E103B2365DAB800D3FF94 /* Preview Assets.xcassets in Resources */ = {isa = PBXBuildFile; fileRef = A86E103A2365DAB800D3FF94 /* Preview Assets.xcassets */; };
		A86E103E2365DAB900D3FF94 /* Main.storyboard in Resources */ = {isa = PBXBuildFile; fileRef = A86E103C2365DAB900D3FF94 /* Main.storyboard */; };
		A8743A6F245F28BF00F8BFF2 /* registerSubscribers.swift in Sources */ = {isa = PBXBuildFile; fileRef = A8743A6E245F28BF00F8BFF2 /* registerSubscribers.swift */; };
		A8743A72245F2B1B00F8BFF2 /* StateObserver.swift in Sources */ = {isa = PBXBuildFile; fileRef = A8743A71245F2B1B00F8BFF2 /* StateObserver.swift */; };
		A89E0BE423F883AA0009154E /* ReSwift.framework in Frameworks */ = {isa = PBXBuildFile; fileRef = A89E0BE323F883AA0009154E /* ReSwift.framework */; };
		A89E0BE523F883AA0009154E /* ReSwift.framework in Embed Frameworks */ = {isa = PBXBuildFile; fileRef = A89E0BE323F883AA0009154E /* ReSwift.framework */; settings = {ATTRIBUTES = (CodeSignOnCopy, RemoveHeadersOnCopy, ); }; };
		A8CAE9AA23DCAE7E00242ADF /* Mac-AppTests.swift in Sources */ = {isa = PBXBuildFile; fileRef = A8CAE9A923DCAE7E00242ADF /* Mac-AppTests.swift */; };
		A8F252602400526200CD12DE /* Frontend.framework in Frameworks */ = {isa = PBXBuildFile; fileRef = A8F2525F2400526200CD12DE /* Frontend.framework */; };
		A8FECAAB24310DDC0028CC64 /* ProjectDetailsTransformer.swift in Sources */ = {isa = PBXBuildFile; fileRef = A8FECAAA24310DDC0028CC64 /* ProjectDetailsTransformer.swift */; };
/* End PBXBuildFile section */

/* Begin PBXContainerItemProxy section */
		A86E10462365DAB900D3FF94 /* PBXContainerItemProxy */ = {
			isa = PBXContainerItemProxy;
			containerPortal = A86E10282365DAB800D3FF94 /* Project object */;
			proxyType = 1;
			remoteGlobalIDString = A86E102F2365DAB800D3FF94;
			remoteInfo = "Mac-App";
		};
/* End PBXContainerItemProxy section */

/* Begin PBXCopyFilesBuildPhase section */
		A89E0BE623F883AA0009154E /* Embed Frameworks */ = {
			isa = PBXCopyFilesBuildPhase;
			buildActionMask = 2147483647;
			dstPath = "";
			dstSubfolderSpec = 10;
			files = (
				A89E0BE523F883AA0009154E /* ReSwift.framework in Embed Frameworks */,
			);
			name = "Embed Frameworks";
			runOnlyForDeploymentPostprocessing = 0;
		};
/* End PBXCopyFilesBuildPhase section */

/* Begin PBXFileReference section */
		65358E43249CB4310004510F /* Project-Debug.xcconfig */ = {isa = PBXFileReference; fileEncoding = 4; lastKnownFileType = text.xcconfig; path = "Project-Debug.xcconfig"; sourceTree = "<group>"; };
		65358E44249CB4310004510F /* Project-Release.xcconfig */ = {isa = PBXFileReference; fileEncoding = 4; lastKnownFileType = text.xcconfig; path = "Project-Release.xcconfig"; sourceTree = "<group>"; };
		65358E45249CB4310004510F /* Project-Shared.xcconfig */ = {isa = PBXFileReference; fileEncoding = 4; lastKnownFileType = text.xcconfig; path = "Project-Shared.xcconfig"; sourceTree = "<group>"; };
		65358E49249CB43B0004510F /* Mac-App-Shared.xcconfig */ = {isa = PBXFileReference; fileEncoding = 4; lastKnownFileType = text.xcconfig; path = "Mac-App-Shared.xcconfig"; sourceTree = "<group>"; };
		65358E4A249CB43B0004510F /* Mac-App-Debug.xcconfig */ = {isa = PBXFileReference; fileEncoding = 4; lastKnownFileType = text.xcconfig; path = "Mac-App-Debug.xcconfig"; sourceTree = "<group>"; };
		65358E4B249CB43B0004510F /* Mac-App-Release.xcconfig */ = {isa = PBXFileReference; fileEncoding = 4; lastKnownFileType = text.xcconfig; path = "Mac-App-Release.xcconfig"; sourceTree = "<group>"; };
		65358E4F249CB4440004510F /* Mac-AppTests-Release.xcconfig */ = {isa = PBXFileReference; fileEncoding = 4; lastKnownFileType = text.xcconfig; path = "Mac-AppTests-Release.xcconfig"; sourceTree = "<group>"; };
		65358E50249CB4440004510F /* Mac-AppTests-Debug.xcconfig */ = {isa = PBXFileReference; fileEncoding = 4; lastKnownFileType = text.xcconfig; path = "Mac-AppTests-Debug.xcconfig"; sourceTree = "<group>"; };
		65358E51249CB4440004510F /* Mac-AppTests-Shared.xcconfig */ = {isa = PBXFileReference; fileEncoding = 4; lastKnownFileType = text.xcconfig; path = "Mac-AppTests-Shared.xcconfig"; sourceTree = "<group>"; };
		A8199C5723E70C97000B89F6 /* Backend.framework */ = {isa = PBXFileReference; explicitFileType = wrapper.framework; path = Backend.framework; sourceTree = BUILT_PRODUCTS_DIR; };
		A8472C9D2402C6190032E702 /* ListViewTransformer.swift */ = {isa = PBXFileReference; lastKnownFileType = sourcecode.swift; path = ListViewTransformer.swift; sourceTree = "<group>"; };
		A86E10302365DAB800D3FF94 /* Mac-App.app */ = {isa = PBXFileReference; explicitFileType = wrapper.application; includeInIndex = 0; path = "Mac-App.app"; sourceTree = BUILT_PRODUCTS_DIR; };
		A86E10332365DAB800D3FF94 /* AppDelegate.swift */ = {isa = PBXFileReference; lastKnownFileType = sourcecode.swift; path = AppDelegate.swift; sourceTree = "<group>"; };
		A86E10372365DAB800D3FF94 /* Assets.xcassets */ = {isa = PBXFileReference; lastKnownFileType = folder.assetcatalog; path = Assets.xcassets; sourceTree = "<group>"; };
		A86E103A2365DAB800D3FF94 /* Preview Assets.xcassets */ = {isa = PBXFileReference; lastKnownFileType = folder.assetcatalog; path = "Preview Assets.xcassets"; sourceTree = "<group>"; };
		A86E103D2365DAB900D3FF94 /* Base */ = {isa = PBXFileReference; lastKnownFileType = file.storyboard; name = Base; path = Base.lproj/Main.storyboard; sourceTree = "<group>"; };
		A86E103F2365DAB900D3FF94 /* Info.plist */ = {isa = PBXFileReference; lastKnownFileType = text.plist.xml; path = Info.plist; sourceTree = "<group>"; };
		A86E10402365DAB900D3FF94 /* Mac_App.entitlements */ = {isa = PBXFileReference; lastKnownFileType = text.plist.entitlements; path = Mac_App.entitlements; sourceTree = "<group>"; };
		A86E10452365DAB900D3FF94 /* Mac-AppTests.xctest */ = {isa = PBXFileReference; explicitFileType = wrapper.cfbundle; includeInIndex = 0; path = "Mac-AppTests.xctest"; sourceTree = BUILT_PRODUCTS_DIR; };
		A86E104B2365DAB900D3FF94 /* Info.plist */ = {isa = PBXFileReference; lastKnownFileType = text.plist.xml; path = Info.plist; sourceTree = "<group>"; };
		A8743A6E245F28BF00F8BFF2 /* registerSubscribers.swift */ = {isa = PBXFileReference; lastKnownFileType = sourcecode.swift; path = registerSubscribers.swift; sourceTree = "<group>"; };
		A8743A71245F2B1B00F8BFF2 /* StateObserver.swift */ = {isa = PBXFileReference; lastKnownFileType = sourcecode.swift; path = StateObserver.swift; sourceTree = "<group>"; };
		A89E0BE323F883AA0009154E /* ReSwift.framework */ = {isa = PBXFileReference; lastKnownFileType = wrapper.framework; name = ReSwift.framework; path = Backend/Dependencies/macOS/ReSwift.framework; sourceTree = "<group>"; };
		A8CAE9A923DCAE7E00242ADF /* Mac-AppTests.swift */ = {isa = PBXFileReference; fileEncoding = 4; lastKnownFileType = sourcecode.swift; path = "Mac-AppTests.swift"; sourceTree = "<group>"; };
		A8F2525F2400526200CD12DE /* Frontend.framework */ = {isa = PBXFileReference; explicitFileType = wrapper.framework; path = Frontend.framework; sourceTree = BUILT_PRODUCTS_DIR; };
		A8FECAAA24310DDC0028CC64 /* ProjectDetailsTransformer.swift */ = {isa = PBXFileReference; lastKnownFileType = sourcecode.swift; path = ProjectDetailsTransformer.swift; sourceTree = "<group>"; };
/* End PBXFileReference section */

/* Begin PBXFrameworksBuildPhase section */
		A86E102D2365DAB800D3FF94 /* Frameworks */ = {
			isa = PBXFrameworksBuildPhase;
			buildActionMask = 2147483647;
			files = (
				A8F252602400526200CD12DE /* Frontend.framework in Frameworks */,
				A8199C5823E70C97000B89F6 /* Backend.framework in Frameworks */,
				A89E0BE423F883AA0009154E /* ReSwift.framework in Frameworks */,
			);
			runOnlyForDeploymentPostprocessing = 0;
		};
		A86E10422365DAB900D3FF94 /* Frameworks */ = {
			isa = PBXFrameworksBuildPhase;
			buildActionMask = 2147483647;
			files = (
			);
			runOnlyForDeploymentPostprocessing = 0;
		};
/* End PBXFrameworksBuildPhase section */

/* Begin PBXGroup section */
		65358E40249CB3960004510F /* Configuration */ = {
			isa = PBXGroup;
			children = (
				65358E43249CB4310004510F /* Project-Debug.xcconfig */,
				65358E44249CB4310004510F /* Project-Release.xcconfig */,
				65358E45249CB4310004510F /* Project-Shared.xcconfig */,
			);
			path = Configuration;
			sourceTree = "<group>";
		};
		65358E41249CB39D0004510F /* Configuration */ = {
			isa = PBXGroup;
			children = (
				65358E4A249CB43B0004510F /* Mac-App-Debug.xcconfig */,
				65358E4B249CB43B0004510F /* Mac-App-Release.xcconfig */,
				65358E49249CB43B0004510F /* Mac-App-Shared.xcconfig */,
			);
			path = Configuration;
			sourceTree = "<group>";
		};
		65358E42249CB3A60004510F /* Configuration */ = {
			isa = PBXGroup;
			children = (
				65358E50249CB4440004510F /* Mac-AppTests-Debug.xcconfig */,
				65358E4F249CB4440004510F /* Mac-AppTests-Release.xcconfig */,
				65358E51249CB4440004510F /* Mac-AppTests-Shared.xcconfig */,
			);
			path = Configuration;
			sourceTree = "<group>";
		};
		A80EF04E236611FF00CD7500 /* Frameworks */ = {
			isa = PBXGroup;
			children = (
				A8F2525F2400526200CD12DE /* Frontend.framework */,
				A89E0BE323F883AA0009154E /* ReSwift.framework */,
				A8199C5723E70C97000B89F6 /* Backend.framework */,
			);
			name = Frameworks;
			sourceTree = "<group>";
		};
		A8472C9C2402C6040032E702 /* Transformers */ = {
			isa = PBXGroup;
			children = (
				A8472C9D2402C6190032E702 /* ListViewTransformer.swift */,
				A8FECAAA24310DDC0028CC64 /* ProjectDetailsTransformer.swift */,
			);
			path = Transformers;
			sourceTree = "<group>";
		};
		A86E10272365DAB800D3FF94 = {
			isa = PBXGroup;
			children = (
				65358E40249CB3960004510F /* Configuration */,
				A86E10322365DAB800D3FF94 /* Mac-App */,
				A86E10482365DAB900D3FF94 /* Mac-AppTests */,
				A86E10312365DAB800D3FF94 /* Products */,
				A80EF04E236611FF00CD7500 /* Frameworks */,
			);
			sourceTree = "<group>";
		};
		A86E10312365DAB800D3FF94 /* Products */ = {
			isa = PBXGroup;
			children = (
				A86E10302365DAB800D3FF94 /* Mac-App.app */,
				A86E10452365DAB900D3FF94 /* Mac-AppTests.xctest */,
			);
			name = Products;
			sourceTree = "<group>";
		};
		A86E10322365DAB800D3FF94 /* Mac-App */ = {
			isa = PBXGroup;
			children = (
				65358E41249CB39D0004510F /* Configuration */,
				A8743A70245F2B0900F8BFF2 /* StateObserver */,
				A8743A6D245F289D00F8BFF2 /* BackendSubscribers */,
				A8472C9C2402C6040032E702 /* Transformers */,
				A86E10332365DAB800D3FF94 /* AppDelegate.swift */,
				A86E10372365DAB800D3FF94 /* Assets.xcassets */,
				A86E103C2365DAB900D3FF94 /* Main.storyboard */,
				A86E103F2365DAB900D3FF94 /* Info.plist */,
				A86E10402365DAB900D3FF94 /* Mac_App.entitlements */,
				A86E10392365DAB800D3FF94 /* Preview Content */,
			);
			path = "Mac-App";
			sourceTree = "<group>";
		};
		A86E10392365DAB800D3FF94 /* Preview Content */ = {
			isa = PBXGroup;
			children = (
				A86E103A2365DAB800D3FF94 /* Preview Assets.xcassets */,
			);
			path = "Preview Content";
			sourceTree = "<group>";
		};
		A86E10482365DAB900D3FF94 /* Mac-AppTests */ = {
			isa = PBXGroup;
			children = (
				65358E42249CB3A60004510F /* Configuration */,
				A8CAE9A923DCAE7E00242ADF /* Mac-AppTests.swift */,
				A86E104B2365DAB900D3FF94 /* Info.plist */,
			);
			path = "Mac-AppTests";
			sourceTree = "<group>";
		};
		A8743A6D245F289D00F8BFF2 /* BackendSubscribers */ = {
			isa = PBXGroup;
			children = (
				A8743A6E245F28BF00F8BFF2 /* registerSubscribers.swift */,
			);
			path = BackendSubscribers;
			sourceTree = "<group>";
		};
		A8743A70245F2B0900F8BFF2 /* StateObserver */ = {
			isa = PBXGroup;
			children = (
				A8743A71245F2B1B00F8BFF2 /* StateObserver.swift */,
			);
			path = StateObserver;
			sourceTree = "<group>";
		};
/* End PBXGroup section */

/* Begin PBXNativeTarget section */
		A86E102F2365DAB800D3FF94 /* Mac-App */ = {
			isa = PBXNativeTarget;
			buildConfigurationList = A86E104E2365DAB900D3FF94 /* Build configuration list for PBXNativeTarget "Mac-App" */;
			buildPhases = (
				A86E102C2365DAB800D3FF94 /* Sources */,
				A86E102D2365DAB800D3FF94 /* Frameworks */,
				A86E102E2365DAB800D3FF94 /* Resources */,
				A89E0BE623F883AA0009154E /* Embed Frameworks */,
			);
			buildRules = (
			);
			dependencies = (
			);
			name = "Mac-App";
			productName = "Mac-App";
			productReference = A86E10302365DAB800D3FF94 /* Mac-App.app */;
			productType = "com.apple.product-type.application";
		};
		A86E10442365DAB900D3FF94 /* Mac-AppTests */ = {
			isa = PBXNativeTarget;
			buildConfigurationList = A86E10512365DAB900D3FF94 /* Build configuration list for PBXNativeTarget "Mac-AppTests" */;
			buildPhases = (
				A86E10412365DAB900D3FF94 /* Sources */,
				A86E10422365DAB900D3FF94 /* Frameworks */,
				A86E10432365DAB900D3FF94 /* Resources */,
				A8237E66247979E4003A5994 /* Run Swiftformat */,
			);
			buildRules = (
			);
			dependencies = (
				A86E10472365DAB900D3FF94 /* PBXTargetDependency */,
			);
			name = "Mac-AppTests";
			productName = "Mac-AppTests";
			productReference = A86E10452365DAB900D3FF94 /* Mac-AppTests.xctest */;
			productType = "com.apple.product-type.bundle.unit-test";
		};
/* End PBXNativeTarget section */

/* Begin PBXProject section */
		A86E10282365DAB800D3FF94 /* Project object */ = {
			isa = PBXProject;
			attributes = {
				LastSwiftUpdateCheck = 1100;
				LastUpgradeCheck = 1100;
				ORGANIZATIONNAME = "Acphut Werkstatt";
				TargetAttributes = {
					A86E102F2365DAB800D3FF94 = {
						CreatedOnToolsVersion = 11.0;
					};
					A86E10442365DAB900D3FF94 = {
						CreatedOnToolsVersion = 11.0;
						LastSwiftMigration = 1100;
						TestTargetID = A86E102F2365DAB800D3FF94;
					};
				};
			};
			buildConfigurationList = A86E102B2365DAB800D3FF94 /* Build configuration list for PBXProject "Mac-App" */;
			compatibilityVersion = "Xcode 9.3";
			developmentRegion = en;
			hasScannedForEncodings = 0;
			knownRegions = (
				en,
				Base,
			);
			mainGroup = A86E10272365DAB800D3FF94;
			productRefGroup = A86E10312365DAB800D3FF94 /* Products */;
			projectDirPath = "";
			projectRoot = "";
			targets = (
				A86E102F2365DAB800D3FF94 /* Mac-App */,
				A86E10442365DAB900D3FF94 /* Mac-AppTests */,
			);
		};
/* End PBXProject section */

/* Begin PBXResourcesBuildPhase section */
		A86E102E2365DAB800D3FF94 /* Resources */ = {
			isa = PBXResourcesBuildPhase;
			buildActionMask = 2147483647;
			files = (
				65358E4D249CB43B0004510F /* Mac-App-Debug.xcconfig in Resources */,
				65358E47249CB4310004510F /* Project-Release.xcconfig in Resources */,
				65358E48249CB4310004510F /* Project-Shared.xcconfig in Resources */,
				65358E46249CB4310004510F /* Project-Debug.xcconfig in Resources */,
				A86E103E2365DAB900D3FF94 /* Main.storyboard in Resources */,
				65358E4C249CB43B0004510F /* Mac-App-Shared.xcconfig in Resources */,
				A86E103B2365DAB800D3FF94 /* Preview Assets.xcassets in Resources */,
				A86E10382365DAB800D3FF94 /* Assets.xcassets in Resources */,
				65358E4E249CB43B0004510F /* Mac-App-Release.xcconfig in Resources */,
			);
			runOnlyForDeploymentPostprocessing = 0;
		};
		A86E10432365DAB900D3FF94 /* Resources */ = {
			isa = PBXResourcesBuildPhase;
			buildActionMask = 2147483647;
			files = (
				65358E54249CB4440004510F /* Mac-AppTests-Shared.xcconfig in Resources */,
				65358E53249CB4440004510F /* Mac-AppTests-Debug.xcconfig in Resources */,
				65358E52249CB4440004510F /* Mac-AppTests-Release.xcconfig in Resources */,
			);
			runOnlyForDeploymentPostprocessing = 0;
		};
/* End PBXResourcesBuildPhase section */

/* Begin PBXShellScriptBuildPhase section */
		A8237E66247979E4003A5994 /* Run Swiftformat */ = {
			isa = PBXShellScriptBuildPhase;
			buildActionMask = 2147483647;
			files = (
			);
			inputFileListPaths = (
			);
			inputPaths = (
			);
			name = "Run Swiftformat";
			outputFileListPaths = (
			);
			outputPaths = (
			);
			runOnlyForDeploymentPostprocessing = 0;
			shellPath = /bin/sh;
			shellScript = "${SRCROOT}/../tooling/swiftformat_0-44-11 ${SRCROOT}\n";
		};
/* End PBXShellScriptBuildPhase section */

/* Begin PBXSourcesBuildPhase section */
		A86E102C2365DAB800D3FF94 /* Sources */ = {
			isa = PBXSourcesBuildPhase;
			buildActionMask = 2147483647;
			files = (
				A8743A6F245F28BF00F8BFF2 /* registerSubscribers.swift in Sources */,
				A8743A72245F2B1B00F8BFF2 /* StateObserver.swift in Sources */,
				A86E10342365DAB800D3FF94 /* AppDelegate.swift in Sources */,
				A8FECAAB24310DDC0028CC64 /* ProjectDetailsTransformer.swift in Sources */,
				A8472C9E2402C6190032E702 /* ListViewTransformer.swift in Sources */,
			);
			runOnlyForDeploymentPostprocessing = 0;
		};
		A86E10412365DAB900D3FF94 /* Sources */ = {
			isa = PBXSourcesBuildPhase;
			buildActionMask = 2147483647;
			files = (
				A8CAE9AA23DCAE7E00242ADF /* Mac-AppTests.swift in Sources */,
			);
			runOnlyForDeploymentPostprocessing = 0;
		};
/* End PBXSourcesBuildPhase section */

/* Begin PBXTargetDependency section */
		A86E10472365DAB900D3FF94 /* PBXTargetDependency */ = {
			isa = PBXTargetDependency;
			target = A86E102F2365DAB800D3FF94 /* Mac-App */;
			targetProxy = A86E10462365DAB900D3FF94 /* PBXContainerItemProxy */;
		};
/* End PBXTargetDependency section */

/* Begin PBXVariantGroup section */
		A86E103C2365DAB900D3FF94 /* Main.storyboard */ = {
			isa = PBXVariantGroup;
			children = (
				A86E103D2365DAB900D3FF94 /* Base */,
			);
			name = Main.storyboard;
			sourceTree = "<group>";
		};
/* End PBXVariantGroup section */

/* Begin XCBuildConfiguration section */
		A86E104C2365DAB900D3FF94 /* Debug */ = {
			isa = XCBuildConfiguration;
			baseConfigurationReference = 65358E43249CB4310004510F /* Project-Debug.xcconfig */;
			buildSettings = {
			};
			name = Debug;
		};
		A86E104D2365DAB900D3FF94 /* Release */ = {
			isa = XCBuildConfiguration;
			baseConfigurationReference = 65358E44249CB4310004510F /* Project-Release.xcconfig */;
			buildSettings = {
			};
			name = Release;
		};
		A86E104F2365DAB900D3FF94 /* Debug */ = {
			isa = XCBuildConfiguration;
			baseConfigurationReference = 65358E4A249CB43B0004510F /* Mac-App-Debug.xcconfig */;
			buildSettings = {
			};
			name = Debug;
		};
		A86E10502365DAB900D3FF94 /* Release */ = {
			isa = XCBuildConfiguration;
			baseConfigurationReference = 65358E4B249CB43B0004510F /* Mac-App-Release.xcconfig */;
			buildSettings = {
			};
			name = Release;
		};
		A86E10522365DAB900D3FF94 /* Debug */ = {
			isa = XCBuildConfiguration;
			baseConfigurationReference = 65358E50249CB4440004510F /* Mac-AppTests-Debug.xcconfig */;
			buildSettings = {
			};
			name = Debug;
		};
		A86E10532365DAB900D3FF94 /* Release */ = {
			isa = XCBuildConfiguration;
			baseConfigurationReference = 65358E4F249CB4440004510F /* Mac-AppTests-Release.xcconfig */;
			buildSettings = {
			};
			name = Release;
		};
/* End XCBuildConfiguration section */

/* Begin XCConfigurationList section */
		A86E102B2365DAB800D3FF94 /* Build configuration list for PBXProject "Mac-App" */ = {
			isa = XCConfigurationList;
			buildConfigurations = (
				A86E104C2365DAB900D3FF94 /* Debug */,
				A86E104D2365DAB900D3FF94 /* Release */,
			);
			defaultConfigurationIsVisible = 0;
			defaultConfigurationName = Release;
		};
		A86E104E2365DAB900D3FF94 /* Build configuration list for PBXNativeTarget "Mac-App" */ = {
			isa = XCConfigurationList;
			buildConfigurations = (
				A86E104F2365DAB900D3FF94 /* Debug */,
				A86E10502365DAB900D3FF94 /* Release */,
			);
			defaultConfigurationIsVisible = 0;
			defaultConfigurationName = Release;
		};
		A86E10512365DAB900D3FF94 /* Build configuration list for PBXNativeTarget "Mac-AppTests" */ = {
			isa = XCConfigurationList;
			buildConfigurations = (
				A86E10522365DAB900D3FF94 /* Debug */,
				A86E10532365DAB900D3FF94 /* Release */,
			);
			defaultConfigurationIsVisible = 0;
			defaultConfigurationName = Release;
		};
/* End XCConfigurationList section */
	};
	rootObject = A86E10282365DAB800D3FF94 /* Project object */;
}
