// !$*UTF8*$!
{
	archiveVersion = 1;
	classes = {
	};
	objectVersion = 50;
	objects = {

/* Begin PBXBuildFile section */
		655AC9FA24B6CC05005D8145 /* SearchableDependencyListView.swift in Sources */ = {isa = PBXBuildFile; fileRef = 655AC9F924B6CC05005D8145 /* SearchableDependencyListView.swift */; };
		656F141F24BB05930019C550 /* FrontendActions.swift in Sources */ = {isa = PBXBuildFile; fileRef = 656F141E24BB05930019C550 /* FrontendActions.swift */; };
		65896CFE249A882600257175 /* Project-Release.xcconfig in Resources */ = {isa = PBXBuildFile; fileRef = 65896CFB249A882600257175 /* Project-Release.xcconfig */; };
		65896CFF249A882600257175 /* Project-Shared.xcconfig in Resources */ = {isa = PBXBuildFile; fileRef = 65896CFC249A882600257175 /* Project-Shared.xcconfig */; };
		65896D00249A882600257175 /* Project-Debug.xcconfig in Resources */ = {isa = PBXBuildFile; fileRef = 65896CFD249A882600257175 /* Project-Debug.xcconfig */; };
		65896D05249A885A00257175 /* Frontend-Debug.xcconfig in Resources */ = {isa = PBXBuildFile; fileRef = 65896D02249A885A00257175 /* Frontend-Debug.xcconfig */; };
		65896D06249A885A00257175 /* Frontend-Shared.xcconfig in Resources */ = {isa = PBXBuildFile; fileRef = 65896D03249A885A00257175 /* Frontend-Shared.xcconfig */; };
		65896D07249A885A00257175 /* Frontend-Release.xcconfig in Resources */ = {isa = PBXBuildFile; fileRef = 65896D04249A885A00257175 /* Frontend-Release.xcconfig */; };
		65896D0C249A88BE00257175 /* FrontendTests-Release.xcconfig in Resources */ = {isa = PBXBuildFile; fileRef = 65896D09249A88BD00257175 /* FrontendTests-Release.xcconfig */; };
		65896D0D249A88BE00257175 /* FrontendTests-Shared.xcconfig in Resources */ = {isa = PBXBuildFile; fileRef = 65896D0A249A88BE00257175 /* FrontendTests-Shared.xcconfig */; };
		65896D0E249A88BE00257175 /* FrontendTests-Debug.xcconfig in Resources */ = {isa = PBXBuildFile; fileRef = 65896D0B249A88BE00257175 /* FrontendTests-Debug.xcconfig */; };
		65B9D9D9249647F1000BE76F /* Extensions.swift in Sources */ = {isa = PBXBuildFile; fileRef = 65B9D9D8249647F1000BE76F /* Extensions.swift */; };
		65E8586D24B573DD00A58DE3 /* SearchBar.swift in Sources */ = {isa = PBXBuildFile; fileRef = 65E8586C24B573DD00A58DE3 /* SearchBar.swift */; };
		A82DDE0F246E5822000259BF /* ActivityIndicator+LoadingDescription.swift in Sources */ = {isa = PBXBuildFile; fileRef = A82DDE0E246E5822000259BF /* ActivityIndicator+LoadingDescription.swift */; };
		A86ED71C24767B300008B604 /* PlainList.swift in Sources */ = {isa = PBXBuildFile; fileRef = A86ED71B24767B300008B604 /* PlainList.swift */; };
		A88160DB2421073300CDB15A /* DependencyItemView.swift in Sources */ = {isa = PBXBuildFile; fileRef = A88160DA2421073300CDB15A /* DependencyItemView.swift */; };
		A88160DD2421480E00CDB15A /* ListRowModifier.swift in Sources */ = {isa = PBXBuildFile; fileRef = A88160DC2421480E00CDB15A /* ListRowModifier.swift */; };
		A8DF67612411639500D0DE02 /* ActivityIndicator.swift in Sources */ = {isa = PBXBuildFile; fileRef = A8DF67602411639500D0DE02 /* ActivityIndicator.swift */; };
		A8DF67642412D9AE00D0DE02 /* InputView.swift in Sources */ = {isa = PBXBuildFile; fileRef = A8DF67632412D9AE00D0DE02 /* InputView.swift */; };
		A8F2524D23FF0B5000CD12DE /* Frontend.framework in Frameworks */ = {isa = PBXBuildFile; fileRef = A8F2524323FF0B5000CD12DE /* Frontend.framework */; };
		A8F2525223FF0B5000CD12DE /* FrontendTests.swift in Sources */ = {isa = PBXBuildFile; fileRef = A8F2525123FF0B5000CD12DE /* FrontendTests.swift */; };
		A8F2525423FF0B5000CD12DE /* Frontend.h in Headers */ = {isa = PBXBuildFile; fileRef = A8F2524623FF0B5000CD12DE /* Frontend.h */; settings = {ATTRIBUTES = (Public, ); }; };
		A8F2525E23FF0BF300CD12DE /* DependencyListView.swift in Sources */ = {isa = PBXBuildFile; fileRef = A8F2525D23FF0BF300CD12DE /* DependencyListView.swift */; };
		A8F2526424029A2400CD12DE /* Observable.swift in Sources */ = {isa = PBXBuildFile; fileRef = A8F2526324029A2400CD12DE /* Observable.swift */; };
		A8F2526824029B6500CD12DE /* DependencyTree.swift in Sources */ = {isa = PBXBuildFile; fileRef = A8F2526724029B6500CD12DE /* DependencyTree.swift */; };
		A8FECAA22429ED1A0028CC64 /* MainSplitViewController.swift in Sources */ = {isa = PBXBuildFile; fileRef = A8FECAA12429ED1A0028CC64 /* MainSplitViewController.swift */; };
		A8FECAA4243096650028CC64 /* MainSplitView.swift in Sources */ = {isa = PBXBuildFile; fileRef = A8FECAA3243096650028CC64 /* MainSplitView.swift */; };
		A8FECAA72430BCAE0028CC64 /* DetailsView.swift in Sources */ = {isa = PBXBuildFile; fileRef = A8FECAA62430BCAE0028CC64 /* DetailsView.swift */; };
		A8FECAA92431086D0028CC64 /* ProjectDetails.swift in Sources */ = {isa = PBXBuildFile; fileRef = A8FECAA82431086D0028CC64 /* ProjectDetails.swift */; };
/* End PBXBuildFile section */

/* Begin PBXContainerItemProxy section */
		A8F2524E23FF0B5000CD12DE /* PBXContainerItemProxy */ = {
			isa = PBXContainerItemProxy;
			containerPortal = A8F2523A23FF0B5000CD12DE /* Project object */;
			proxyType = 1;
			remoteGlobalIDString = A8F2524223FF0B5000CD12DE;
			remoteInfo = Frontend;
		};
/* End PBXContainerItemProxy section */

/* Begin PBXFileReference section */
		655AC9F924B6CC05005D8145 /* SearchableDependencyListView.swift */ = {isa = PBXFileReference; lastKnownFileType = sourcecode.swift; path = SearchableDependencyListView.swift; sourceTree = "<group>"; };
		656F141E24BB05930019C550 /* FrontendActions.swift */ = {isa = PBXFileReference; lastKnownFileType = sourcecode.swift; path = FrontendActions.swift; sourceTree = "<group>"; };
		65896CFB249A882600257175 /* Project-Release.xcconfig */ = {isa = PBXFileReference; fileEncoding = 4; lastKnownFileType = text.xcconfig; path = "Project-Release.xcconfig"; sourceTree = "<group>"; };
		65896CFC249A882600257175 /* Project-Shared.xcconfig */ = {isa = PBXFileReference; fileEncoding = 4; lastKnownFileType = text.xcconfig; path = "Project-Shared.xcconfig"; sourceTree = "<group>"; };
		65896CFD249A882600257175 /* Project-Debug.xcconfig */ = {isa = PBXFileReference; fileEncoding = 4; lastKnownFileType = text.xcconfig; path = "Project-Debug.xcconfig"; sourceTree = "<group>"; };
		65896D02249A885A00257175 /* Frontend-Debug.xcconfig */ = {isa = PBXFileReference; fileEncoding = 4; lastKnownFileType = text.xcconfig; path = "Frontend-Debug.xcconfig"; sourceTree = "<group>"; };
		65896D03249A885A00257175 /* Frontend-Shared.xcconfig */ = {isa = PBXFileReference; fileEncoding = 4; lastKnownFileType = text.xcconfig; path = "Frontend-Shared.xcconfig"; sourceTree = "<group>"; };
		65896D04249A885A00257175 /* Frontend-Release.xcconfig */ = {isa = PBXFileReference; fileEncoding = 4; lastKnownFileType = text.xcconfig; path = "Frontend-Release.xcconfig"; sourceTree = "<group>"; };
		65896D09249A88BD00257175 /* FrontendTests-Release.xcconfig */ = {isa = PBXFileReference; fileEncoding = 4; lastKnownFileType = text.xcconfig; path = "FrontendTests-Release.xcconfig"; sourceTree = "<group>"; };
		65896D0A249A88BE00257175 /* FrontendTests-Shared.xcconfig */ = {isa = PBXFileReference; fileEncoding = 4; lastKnownFileType = text.xcconfig; path = "FrontendTests-Shared.xcconfig"; sourceTree = "<group>"; };
		65896D0B249A88BE00257175 /* FrontendTests-Debug.xcconfig */ = {isa = PBXFileReference; fileEncoding = 4; lastKnownFileType = text.xcconfig; path = "FrontendTests-Debug.xcconfig"; sourceTree = "<group>"; };
		65B9D9D8249647F1000BE76F /* Extensions.swift */ = {isa = PBXFileReference; lastKnownFileType = sourcecode.swift; path = Extensions.swift; sourceTree = "<group>"; };
		65DFC668248CF6FF00507F73 /* UI-prototype.playground */ = {isa = PBXFileReference; lastKnownFileType = file.playground; path = "UI-prototype.playground"; sourceTree = "<group>"; xcLanguageSpecificationIdentifier = xcode.lang.swift; };
		65E8586C24B573DD00A58DE3 /* SearchBar.swift */ = {isa = PBXFileReference; lastKnownFileType = sourcecode.swift; path = SearchBar.swift; sourceTree = "<group>"; };
		A82DDE0E246E5822000259BF /* ActivityIndicator+LoadingDescription.swift */ = {isa = PBXFileReference; lastKnownFileType = sourcecode.swift; path = "ActivityIndicator+LoadingDescription.swift"; sourceTree = "<group>"; };
		A86ED71B24767B300008B604 /* PlainList.swift */ = {isa = PBXFileReference; lastKnownFileType = sourcecode.swift; path = PlainList.swift; sourceTree = "<group>"; };
		A88160DA2421073300CDB15A /* DependencyItemView.swift */ = {isa = PBXFileReference; lastKnownFileType = sourcecode.swift; path = DependencyItemView.swift; sourceTree = "<group>"; };
		A88160DC2421480E00CDB15A /* ListRowModifier.swift */ = {isa = PBXFileReference; lastKnownFileType = sourcecode.swift; path = ListRowModifier.swift; sourceTree = "<group>"; };
		A8DF67602411639500D0DE02 /* ActivityIndicator.swift */ = {isa = PBXFileReference; lastKnownFileType = sourcecode.swift; path = ActivityIndicator.swift; sourceTree = "<group>"; };
		A8DF67632412D9AE00D0DE02 /* InputView.swift */ = {isa = PBXFileReference; lastKnownFileType = sourcecode.swift; path = InputView.swift; sourceTree = "<group>"; };
		A8F2524323FF0B5000CD12DE /* Frontend.framework */ = {isa = PBXFileReference; explicitFileType = wrapper.framework; includeInIndex = 0; path = Frontend.framework; sourceTree = BUILT_PRODUCTS_DIR; };
		A8F2524623FF0B5000CD12DE /* Frontend.h */ = {isa = PBXFileReference; lastKnownFileType = sourcecode.c.h; path = Frontend.h; sourceTree = "<group>"; };
		A8F2524723FF0B5000CD12DE /* Info.plist */ = {isa = PBXFileReference; lastKnownFileType = text.plist.xml; path = Info.plist; sourceTree = "<group>"; };
		A8F2524C23FF0B5000CD12DE /* FrontendTests.xctest */ = {isa = PBXFileReference; explicitFileType = wrapper.cfbundle; includeInIndex = 0; path = FrontendTests.xctest; sourceTree = BUILT_PRODUCTS_DIR; };
		A8F2525123FF0B5000CD12DE /* FrontendTests.swift */ = {isa = PBXFileReference; lastKnownFileType = sourcecode.swift; path = FrontendTests.swift; sourceTree = "<group>"; };
		A8F2525323FF0B5000CD12DE /* Info.plist */ = {isa = PBXFileReference; lastKnownFileType = text.plist.xml; path = Info.plist; sourceTree = "<group>"; };
		A8F2525D23FF0BF300CD12DE /* DependencyListView.swift */ = {isa = PBXFileReference; lastKnownFileType = sourcecode.swift; path = DependencyListView.swift; sourceTree = "<group>"; };
		A8F2526324029A2400CD12DE /* Observable.swift */ = {isa = PBXFileReference; lastKnownFileType = sourcecode.swift; path = Observable.swift; sourceTree = "<group>"; };
		A8F2526724029B6500CD12DE /* DependencyTree.swift */ = {isa = PBXFileReference; lastKnownFileType = sourcecode.swift; path = DependencyTree.swift; sourceTree = "<group>"; };
		A8FECAA12429ED1A0028CC64 /* MainSplitViewController.swift */ = {isa = PBXFileReference; lastKnownFileType = sourcecode.swift; path = MainSplitViewController.swift; sourceTree = "<group>"; };
		A8FECAA3243096650028CC64 /* MainSplitView.swift */ = {isa = PBXFileReference; lastKnownFileType = sourcecode.swift; path = MainSplitView.swift; sourceTree = "<group>"; };
		A8FECAA62430BCAE0028CC64 /* DetailsView.swift */ = {isa = PBXFileReference; lastKnownFileType = sourcecode.swift; path = DetailsView.swift; sourceTree = "<group>"; };
		A8FECAA82431086D0028CC64 /* ProjectDetails.swift */ = {isa = PBXFileReference; lastKnownFileType = sourcecode.swift; path = ProjectDetails.swift; sourceTree = "<group>"; };
/* End PBXFileReference section */

/* Begin PBXFrameworksBuildPhase section */
		A8F2524023FF0B5000CD12DE /* Frameworks */ = {
			isa = PBXFrameworksBuildPhase;
			buildActionMask = 2147483647;
			files = (
			);
			runOnlyForDeploymentPostprocessing = 0;
		};
		A8F2524923FF0B5000CD12DE /* Frameworks */ = {
			isa = PBXFrameworksBuildPhase;
			buildActionMask = 2147483647;
			files = (
				A8F2524D23FF0B5000CD12DE /* Frontend.framework in Frameworks */,
			);
			runOnlyForDeploymentPostprocessing = 0;
		};
/* End PBXFrameworksBuildPhase section */

/* Begin PBXGroup section */
		655AC9F824B6CBD4005D8145 /* SearchableDependencyListView */ = {
			isa = PBXGroup;
			children = (
				655AC9F924B6CC05005D8145 /* SearchableDependencyListView.swift */,
			);
			path = SearchableDependencyListView;
			sourceTree = "<group>";
		};
		656F141D24BB05760019C550 /* Actions */ = {
			isa = PBXGroup;
			children = (
				656F141E24BB05930019C550 /* FrontendActions.swift */,
			);
			path = Actions;
			sourceTree = "<group>";
		};
		65896CFA249A87FD00257175 /* Configuration */ = {
			isa = PBXGroup;
			children = (
				65896CFD249A882600257175 /* Project-Debug.xcconfig */,
				65896CFB249A882600257175 /* Project-Release.xcconfig */,
				65896CFC249A882600257175 /* Project-Shared.xcconfig */,
			);
			path = Configuration;
			sourceTree = "<group>";
		};
		65896D01249A884A00257175 /* Configuration */ = {
			isa = PBXGroup;
			children = (
				65896D02249A885A00257175 /* Frontend-Debug.xcconfig */,
				65896D04249A885A00257175 /* Frontend-Release.xcconfig */,
				65896D03249A885A00257175 /* Frontend-Shared.xcconfig */,
			);
			path = Configuration;
			sourceTree = "<group>";
		};
		65896D08249A88A800257175 /* Configuration */ = {
			isa = PBXGroup;
			children = (
				65896D0B249A88BE00257175 /* FrontendTests-Debug.xcconfig */,
				65896D09249A88BD00257175 /* FrontendTests-Release.xcconfig */,
				65896D0A249A88BE00257175 /* FrontendTests-Shared.xcconfig */,
			);
			path = Configuration;
			sourceTree = "<group>";
		};
		A8DF675F2411637700D0DE02 /* Common */ = {
			isa = PBXGroup;
			children = (
				656F141D24BB05760019C550 /* Actions */,
				A8DF67602411639500D0DE02 /* ActivityIndicator.swift */,
				A88160DC2421480E00CDB15A /* ListRowModifier.swift */,
				A82DDE0E246E5822000259BF /* ActivityIndicator+LoadingDescription.swift */,
				A86ED71B24767B300008B604 /* PlainList.swift */,
				65B9D9D8249647F1000BE76F /* Extensions.swift */,
				65E8586C24B573DD00A58DE3 /* SearchBar.swift */,
			);
			path = Common;
			sourceTree = "<group>";
		};
		A8DF67622412D9A200D0DE02 /* InputView */ = {
			isa = PBXGroup;
			children = (
				A8DF67632412D9AE00D0DE02 /* InputView.swift */,
			);
			path = InputView;
			sourceTree = "<group>";
		};
		A8F2523923FF0B5000CD12DE = {
			isa = PBXGroup;
			children = (
				65896CFA249A87FD00257175 /* Configuration */,
				65DFC668248CF6FF00507F73 /* UI-prototype.playground */,
				A8F2524523FF0B5000CD12DE /* Frontend */,
				A8F2525023FF0B5000CD12DE /* FrontendTests */,
				A8F2524423FF0B5000CD12DE /* Products */,
			);
			sourceTree = "<group>";
		};
		A8F2524423FF0B5000CD12DE /* Products */ = {
			isa = PBXGroup;
			children = (
				A8F2524323FF0B5000CD12DE /* Frontend.framework */,
				A8F2524C23FF0B5000CD12DE /* FrontendTests.xctest */,
			);
			name = Products;
			sourceTree = "<group>";
		};
		A8F2524523FF0B5000CD12DE /* Frontend */ = {
			isa = PBXGroup;
			children = (
				65896D01249A884A00257175 /* Configuration */,
				A8F2526624029B4E00CD12DE /* ViewData */,
				A8F2526524029B4B00CD12DE /* Views */,
				A8F25262240299FD00CD12DE /* ObservableData */,
				A8F2524623FF0B5000CD12DE /* Frontend.h */,
				A8F2524723FF0B5000CD12DE /* Info.plist */,
			);
			path = Frontend;
			sourceTree = "<group>";
		};
		A8F2525023FF0B5000CD12DE /* FrontendTests */ = {
			isa = PBXGroup;
			children = (
				65896D08249A88A800257175 /* Configuration */,
				A8F2525123FF0B5000CD12DE /* FrontendTests.swift */,
				A8F2525323FF0B5000CD12DE /* Info.plist */,
			);
			path = FrontendTests;
			sourceTree = "<group>";
		};
		A8F25262240299FD00CD12DE /* ObservableData */ = {
			isa = PBXGroup;
			children = (
				A8F2526324029A2400CD12DE /* Observable.swift */,
			);
			path = ObservableData;
			sourceTree = "<group>";
		};
		A8F2526524029B4B00CD12DE /* Views */ = {
			isa = PBXGroup;
			children = (
				655AC9F824B6CBD4005D8145 /* SearchableDependencyListView */,
				A8DF675F2411637700D0DE02 /* Common */,
				A8FECA9F2429EBE80028CC64 /* ExpandableList */,
				A8DF67622412D9A200D0DE02 /* InputView */,
				A8FECAA02429ECD40028CC64 /* MainSplitView */,
				A8FECAA52430BC970028CC64 /* DetailsView */,
			);
			path = Views;
			sourceTree = "<group>";
		};
		A8F2526624029B4E00CD12DE /* ViewData */ = {
			isa = PBXGroup;
			children = (
				A8F2526724029B6500CD12DE /* DependencyTree.swift */,
				A8FECAA82431086D0028CC64 /* ProjectDetails.swift */,
			);
			path = ViewData;
			sourceTree = "<group>";
		};
		A8FECA9F2429EBE80028CC64 /* ExpandableList */ = {
			isa = PBXGroup;
			children = (
				A8F2525D23FF0BF300CD12DE /* DependencyListView.swift */,
				A88160DA2421073300CDB15A /* DependencyItemView.swift */,
			);
			path = ExpandableList;
			sourceTree = "<group>";
		};
		A8FECAA02429ECD40028CC64 /* MainSplitView */ = {
			isa = PBXGroup;
			children = (
				A8FECAA12429ED1A0028CC64 /* MainSplitViewController.swift */,
				A8FECAA3243096650028CC64 /* MainSplitView.swift */,
			);
			path = MainSplitView;
			sourceTree = "<group>";
		};
		A8FECAA52430BC970028CC64 /* DetailsView */ = {
			isa = PBXGroup;
			children = (
				A8FECAA62430BCAE0028CC64 /* DetailsView.swift */,
			);
			path = DetailsView;
			sourceTree = "<group>";
		};
/* End PBXGroup section */

/* Begin PBXHeadersBuildPhase section */
		A8F2523E23FF0B5000CD12DE /* Headers */ = {
			isa = PBXHeadersBuildPhase;
			buildActionMask = 2147483647;
			files = (
				A8F2525423FF0B5000CD12DE /* Frontend.h in Headers */,
			);
			runOnlyForDeploymentPostprocessing = 0;
		};
/* End PBXHeadersBuildPhase section */

/* Begin PBXNativeTarget section */
		A8F2524223FF0B5000CD12DE /* Frontend */ = {
			isa = PBXNativeTarget;
			buildConfigurationList = A8F2525723FF0B5000CD12DE /* Build configuration list for PBXNativeTarget "Frontend" */;
			buildPhases = (
				A8F2523E23FF0B5000CD12DE /* Headers */,
				A8F2523F23FF0B5000CD12DE /* Sources */,
				A8F2524023FF0B5000CD12DE /* Frameworks */,
				A8F2524123FF0B5000CD12DE /* Resources */,
			);
			buildRules = (
			);
			dependencies = (
			);
			name = Frontend;
			productName = Frontend;
			productReference = A8F2524323FF0B5000CD12DE /* Frontend.framework */;
			productType = "com.apple.product-type.framework";
		};
		A8F2524B23FF0B5000CD12DE /* FrontendTests */ = {
			isa = PBXNativeTarget;
			buildConfigurationList = A8F2525A23FF0B5000CD12DE /* Build configuration list for PBXNativeTarget "FrontendTests" */;
			buildPhases = (
				A8F2524823FF0B5000CD12DE /* Sources */,
				A8F2524923FF0B5000CD12DE /* Frameworks */,
				A8F2524A23FF0B5000CD12DE /* Resources */,
				A8237E68247985D0003A5994 /* Run Swiftformat */,
			);
			buildRules = (
			);
			dependencies = (
				A8F2524F23FF0B5000CD12DE /* PBXTargetDependency */,
			);
			name = FrontendTests;
			productName = FrontendTests;
			productReference = A8F2524C23FF0B5000CD12DE /* FrontendTests.xctest */;
			productType = "com.apple.product-type.bundle.unit-test";
		};
/* End PBXNativeTarget section */

/* Begin PBXProject section */
		A8F2523A23FF0B5000CD12DE /* Project object */ = {
			isa = PBXProject;
			attributes = {
				LastSwiftUpdateCheck = 1130;
				LastUpgradeCheck = 1130;
				ORGANIZATIONNAME = "Acphut Werkstatt";
				TargetAttributes = {
					A8F2524223FF0B5000CD12DE = {
						CreatedOnToolsVersion = 11.3;
						LastSwiftMigration = 1130;
					};
					A8F2524B23FF0B5000CD12DE = {
						CreatedOnToolsVersion = 11.3;
					};
				};
			};
			buildConfigurationList = A8F2523D23FF0B5000CD12DE /* Build configuration list for PBXProject "Frontend" */;
			compatibilityVersion = "Xcode 9.3";
			developmentRegion = en;
			hasScannedForEncodings = 0;
			knownRegions = (
				en,
				Base,
			);
			mainGroup = A8F2523923FF0B5000CD12DE;
			productRefGroup = A8F2524423FF0B5000CD12DE /* Products */;
			projectDirPath = "";
			projectRoot = "";
			targets = (
				A8F2524223FF0B5000CD12DE /* Frontend */,
				A8F2524B23FF0B5000CD12DE /* FrontendTests */,
			);
		};
/* End PBXProject section */

/* Begin PBXResourcesBuildPhase section */
		A8F2524123FF0B5000CD12DE /* Resources */ = {
			isa = PBXResourcesBuildPhase;
			buildActionMask = 2147483647;
			files = (
				65896D00249A882600257175 /* Project-Debug.xcconfig in Resources */,
				65896CFE249A882600257175 /* Project-Release.xcconfig in Resources */,
				65896D05249A885A00257175 /* Frontend-Debug.xcconfig in Resources */,
				65896D06249A885A00257175 /* Frontend-Shared.xcconfig in Resources */,
				65896D07249A885A00257175 /* Frontend-Release.xcconfig in Resources */,
				65896CFF249A882600257175 /* Project-Shared.xcconfig in Resources */,
			);
			runOnlyForDeploymentPostprocessing = 0;
		};
		A8F2524A23FF0B5000CD12DE /* Resources */ = {
			isa = PBXResourcesBuildPhase;
			buildActionMask = 2147483647;
			files = (
				65896D0C249A88BE00257175 /* FrontendTests-Release.xcconfig in Resources */,
				65896D0D249A88BE00257175 /* FrontendTests-Shared.xcconfig in Resources */,
				65896D0E249A88BE00257175 /* FrontendTests-Debug.xcconfig in Resources */,
			);
			runOnlyForDeploymentPostprocessing = 0;
		};
/* End PBXResourcesBuildPhase section */

/* Begin PBXShellScriptBuildPhase section */
		A8237E68247985D0003A5994 /* Run Swiftformat */ = {
			isa = PBXShellScriptBuildPhase;
			buildActionMask = 2147483647;
			files = (
			);
			inputFileListPaths = (
			);
			inputPaths = (
			);
			name = "Run Swiftformat";
			outputFileListPaths = (
			);
			outputPaths = (
			);
			runOnlyForDeploymentPostprocessing = 0;
			shellPath = /bin/sh;
			shellScript = "${SRCROOT}/../../tooling/swiftformat_0-44-11 ${SRCROOT}\n";
		};
/* End PBXShellScriptBuildPhase section */

/* Begin PBXSourcesBuildPhase section */
		A8F2523F23FF0B5000CD12DE /* Sources */ = {
			isa = PBXSourcesBuildPhase;
			buildActionMask = 2147483647;
			files = (
				A86ED71C24767B300008B604 /* PlainList.swift in Sources */,
				A8DF67612411639500D0DE02 /* ActivityIndicator.swift in Sources */,
				65E8586D24B573DD00A58DE3 /* SearchBar.swift in Sources */,
				A88160DB2421073300CDB15A /* DependencyItemView.swift in Sources */,
				A8FECAA92431086D0028CC64 /* ProjectDetails.swift in Sources */,
				A8FECAA22429ED1A0028CC64 /* MainSplitViewController.swift in Sources */,
				655AC9FA24B6CC05005D8145 /* SearchableDependencyListView.swift in Sources */,
				A82DDE0F246E5822000259BF /* ActivityIndicator+LoadingDescription.swift in Sources */,
				A8FECAA72430BCAE0028CC64 /* DetailsView.swift in Sources */,
				A8F2526824029B6500CD12DE /* DependencyTree.swift in Sources */,
				A8DF67642412D9AE00D0DE02 /* InputView.swift in Sources */,
				A88160DD2421480E00CDB15A /* ListRowModifier.swift in Sources */,
				A8F2526424029A2400CD12DE /* Observable.swift in Sources */,
				A8F2525E23FF0BF300CD12DE /* DependencyListView.swift in Sources */,
				A8FECAA4243096650028CC64 /* MainSplitView.swift in Sources */,
				65B9D9D9249647F1000BE76F /* Extensions.swift in Sources */,
				656F141F24BB05930019C550 /* FrontendActions.swift in Sources */,
			);
			runOnlyForDeploymentPostprocessing = 0;
		};
		A8F2524823FF0B5000CD12DE /* Sources */ = {
			isa = PBXSourcesBuildPhase;
			buildActionMask = 2147483647;
			files = (
				A8F2525223FF0B5000CD12DE /* FrontendTests.swift in Sources */,
			);
			runOnlyForDeploymentPostprocessing = 0;
		};
/* End PBXSourcesBuildPhase section */

/* Begin PBXTargetDependency section */
		A8F2524F23FF0B5000CD12DE /* PBXTargetDependency */ = {
			isa = PBXTargetDependency;
			target = A8F2524223FF0B5000CD12DE /* Frontend */;
			targetProxy = A8F2524E23FF0B5000CD12DE /* PBXContainerItemProxy */;
		};
/* End PBXTargetDependency section */

/* Begin XCBuildConfiguration section */
		A8F2525523FF0B5000CD12DE /* Debug */ = {
			isa = XCBuildConfiguration;
			baseConfigurationReference = 65896CFD249A882600257175 /* Project-Debug.xcconfig */;
			buildSettings = {
			};
			name = Debug;
		};
		A8F2525623FF0B5000CD12DE /* Release */ = {
			isa = XCBuildConfiguration;
			baseConfigurationReference = 65896D04249A885A00257175 /* Frontend-Release.xcconfig */;
			buildSettings = {
			};
			name = Release;
		};
		A8F2525823FF0B5000CD12DE /* Debug */ = {
			isa = XCBuildConfiguration;
			baseConfigurationReference = 65896D02249A885A00257175 /* Frontend-Debug.xcconfig */;
			buildSettings = {
			};
			name = Debug;
		};
		A8F2525923FF0B5000CD12DE /* Release */ = {
			isa = XCBuildConfiguration;
			baseConfigurationReference = 65896D04249A885A00257175 /* Frontend-Release.xcconfig */;
			buildSettings = {
			};
			name = Release;
		};
		A8F2525B23FF0B5000CD12DE /* Debug */ = {
			isa = XCBuildConfiguration;
			baseConfigurationReference = 65896D0B249A88BE00257175 /* FrontendTests-Debug.xcconfig */;
			buildSettings = {
			};
			name = Debug;
		};
		A8F2525C23FF0B5000CD12DE /* Release */ = {
			isa = XCBuildConfiguration;
			baseConfigurationReference = 65896D09249A88BD00257175 /* FrontendTests-Release.xcconfig */;
			buildSettings = {
			};
			name = Release;
		};
/* End XCBuildConfiguration section */

/* Begin XCConfigurationList section */
		A8F2523D23FF0B5000CD12DE /* Build configuration list for PBXProject "Frontend" */ = {
			isa = XCConfigurationList;
			buildConfigurations = (
				A8F2525523FF0B5000CD12DE /* Debug */,
				A8F2525623FF0B5000CD12DE /* Release */,
			);
			defaultConfigurationIsVisible = 0;
			defaultConfigurationName = Release;
		};
		A8F2525723FF0B5000CD12DE /* Build configuration list for PBXNativeTarget "Frontend" */ = {
			isa = XCConfigurationList;
			buildConfigurations = (
				A8F2525823FF0B5000CD12DE /* Debug */,
				A8F2525923FF0B5000CD12DE /* Release */,
			);
			defaultConfigurationIsVisible = 0;
			defaultConfigurationName = Release;
		};
		A8F2525A23FF0B5000CD12DE /* Build configuration list for PBXNativeTarget "FrontendTests" */ = {
			isa = XCConfigurationList;
			buildConfigurations = (
				A8F2525B23FF0B5000CD12DE /* Debug */,
				A8F2525C23FF0B5000CD12DE /* Release */,
			);
			defaultConfigurationIsVisible = 0;
			defaultConfigurationName = Release;
		};
/* End XCConfigurationList section */
	};
	rootObject = A8F2523A23FF0B5000CD12DE /* Project object */;
}
